
Microsoft Visual Studio Solution File, Format Version 12.00
# Visual Studio Version 17
VisualStudioVersion = 17.11.35327.3
MinimumVisualStudioVersion = 10.0.40219.1
Project("{8BC9CEB8-8B4A-11D0-8D11-00A0C91BC942}") = "Project12", "Project12\Project12.vcxproj", "{08AEB8C8-8517-4ECF-AE06-F68639CAF372}"
EndProject
Global
	GlobalSection(SolutionConfigurationPlatforms) = preSolution
		Debug|x64 = Debug|x64
		Debug|x86 = Debug|x86
		Release|x64 = Release|x64
		Release|x86 = Release|x86
	EndGlobalSection
	GlobalSection(ProjectConfigurationPlatforms) = postSolution
		{08AEB8C8-8517-4ECF-AE06-F68639CAF372}.Debug|x64.ActiveCfg = Debug|x64
		{08AEB8C8-8517-4ECF-AE06-F68639CAF372}.Debug|x64.Build.0 = Debug|x64
		{08AEB8C8-8517-4ECF-AE06-F68639CAF372}.Debug|x86.ActiveCfg = Debug|Win32
		{08AEB8C8-8517-4ECF-AE06-F68639CAF372}.Debug|x86.Build.0 = Debug|Win32
		{08AEB8C8-8517-4ECF-AE06-F68639CAF372}.Release|x64.ActiveCfg = Release|x64
		{08AEB8C8-8517-4ECF-AE06-F68639CAF372}.Release|x64.Build.0 = Release|x64
		{08AEB8C8-8517-4ECF-AE06-F68639CAF372}.Release|x86.ActiveCfg = Release|Win32
		{08AEB8C8-8517-4ECF-AE06-F68639CAF372}.Release|x86.Build.0 = Release|Win32
	EndGlobalSection
	GlobalSection(SolutionProperties) = preSolution
		HideSolutionNode = FALSE
	EndGlobalSection
	GlobalSection(ExtensibilityGlobals) = postSolution
		SolutionGuid = {E7EB714B-601C-4188-973D-9D99E6E05D0C}
	EndGlobalSection
EndGlobal
